
Microsoft Visual Studio Solution File, Format Version 12.00
# Visual Studio Version 16
VisualStudioVersion = 16.0.28922.388
MinimumVisualStudioVersion = 10.0.40219.1
Project("{FAE04EC0-301F-11D3-BF4B-00C04F79EFBC}") = "AutoLogout", "AutoLogout.csproj", "{D8A8E285-ADC4-4901-AFC5-691FE39AF006}"
EndProject
Global
	GlobalSection(SolutionConfigurationPlatforms) = preSolution
		Debug|Any CPU = Debug|Any CPU
		Release|Any CPU = Release|Any CPU
	EndGlobalSection
	GlobalSection(ProjectConfigurationPlatforms) = postSolution
		{D8A8E285-ADC4-4901-AFC5-691FE39AF006}.Debug|Any CPU.ActiveCfg = Debug|Any CPU
		{D8A8E285-ADC4-4901-AFC5-691FE39AF006}.Debug|Any CPU.Build.0 = Debug|Any CPU
		{D8A8E285-ADC4-4901-AFC5-691FE39AF006}.Release|Any CPU.ActiveCfg = Release|Any CPU
		{D8A8E285-ADC4-4901-AFC5-691FE39AF006}.Release|Any CPU.Build.0 = Release|Any CPU
	EndGlobalSection
	GlobalSection(SolutionProperties) = preSolution
		HideSolutionNode = FALSE
	EndGlobalSection
	GlobalSection(ExtensibilityGlobals) = postSolution
		SolutionGuid = {E49C5DCE-6817-409F-9556-05070115D1F0}
	EndGlobalSection
EndGlobal
